# THIS IS AN AUTOGENERATED FILE. DO NOT EDIT THIS FILE DIRECTLY.
# yarn lockfile v1


cleave.js@^1.6.0:
  version "1.6.0"
  resolved "https://registry.yarnpkg.com/cleave.js/-/cleave.js-1.6.0.tgz#0e4e011943bdd70c67c9dcf4ff800ce710529171"
  integrity sha512-ivqesy3j5hQVG3gywPfwKPbi/7ZSftY/UNp5uphnqjr25yI2CP8FS2ODQPzuLXXnNLi29e2+PgPkkiKUXLs/Nw==
